
Microsoft Visual Studio Solution File, Format Version 12.00
# Visual Studio Version 17
VisualStudioVersion = 17.4.33213.308
MinimumVisualStudioVersion = 10.0.40219.1
Project("{FAE04EC0-301F-11D3-BF4B-00C04F79EFBC}") = "MVCOnlineOtomasyon", "MVCOnlineOtomasyon\MVCOnlineOtomasyon.csproj", "{BC3691FE-7EBB-4216-A523-1E1617479062}"
EndProject
Global
	GlobalSection(SolutionConfigurationPlatforms) = preSolution
		Debug|Any CPU = Debug|Any CPU
		Release|Any CPU = Release|Any CPU
	EndGlobalSection
	GlobalSection(ProjectConfigurationPlatforms) = postSolution
		{BC3691FE-7EBB-4216-A523-1E1617479062}.Debug|Any CPU.ActiveCfg = Debug|Any CPU
		{BC3691FE-7EBB-4216-A523-1E1617479062}.Debug|Any CPU.Build.0 = Debug|Any CPU
		{BC3691FE-7EBB-4216-A523-1E1617479062}.Release|Any CPU.ActiveCfg = Release|Any CPU
		{BC3691FE-7EBB-4216-A523-1E1617479062}.Release|Any CPU.Build.0 = Release|Any CPU
	EndGlobalSection
	GlobalSection(SolutionProperties) = preSolution
		HideSolutionNode = FALSE
	EndGlobalSection
	GlobalSection(ExtensibilityGlobals) = postSolution
		SolutionGuid = {3B6A545C-E77C-436D-96D5-A64F63071A97}
	EndGlobalSection
EndGlobal
